
Microsoft Visual Studio Solution File, Format Version 12.00
# Visual Studio Version 18
VisualStudioVersion = 18.8.12023.21
MinimumVisualStudioVersion = 10.0.40219.1
Project("{FAE04EC0-301F-11D3-BF4B-00C04F79EFBC}") = "V.SMART.Shared", "V.SMART\V.SMART.Shared\V.SMART.Shared.csproj", "{17318FC0-2C85-126B-261A-AC1B953048CD}"
EndProject
Project("{FAE04EC0-301F-11D3-BF4B-00C04F79EFBC}") = "V.SMART", "V.SMART\V.SMART\V.SMART.csproj", "{4D4E9832-6E3B-9E68-B732-80F9538A723F}"
EndProject
Project("{FAE04EC0-301F-11D3-BF4B-00C04F79EFBC}") = "V.SMART.Web", "V.SMART\V.SMART.Web\V.SMART.Web.csproj", "{BF4BFBE4-1A20-388C-6192-C8C256627F92}"
EndProject
Project("{FAE04EC0-301F-11D3-BF4B-00C04F79EFBC}") = "V.SMART.Api", "V.SMART\V.SMART.Api\V.SMART.Api.csproj", "{715EEB83-4C34-4A5C-99D0-E44AA5221AF6}"
EndProject
Project("{2150E333-8FDC-42A3-9474-1A3956D46DE8}") = "tests", "tests", "{0AB3BF05-4346-4AA6-1389-037BE0695223}"
EndProject
Project("{FAE04EC0-301F-11D3-BF4B-00C04F79EFBC}") = "V.SMART.Shared.Tests", "tests\V.SMART.Shared.Tests\V.SMART.Shared.Tests.csproj", "{54823DB3-92A5-4963-B6CB-C8FE52717C88}"
EndProject
Project("{FAE04EC0-301F-11D3-BF4B-00C04F79EFBC}") = "V.SMART.Api.Tests", "tests\V.SMART.Api.Tests\V.SMART.Api.Tests.csproj", "{13A5300F-7778-4FD9-BB67-B9933391B284}"
EndProject
Project("{2150E333-8FDC-42A3-9474-1A3956D46DE8}") = "V.SMART", "V.SMART", "{0F7FF5B1-489D-33AC-642A-821554D42429}"
EndProject
Global
	GlobalSection(SolutionConfigurationPlatforms) = preSolution
		Debug|Any CPU = Debug|Any CPU
		Debug|x64 = Debug|x64
		Debug|x86 = Debug|x86
		Release|Any CPU = Release|Any CPU
		Release|x64 = Release|x64
		Release|x86 = Release|x86
	EndGlobalSection
	GlobalSection(ProjectConfigurationPlatforms) = postSolution
		{17318FC0-2C85-126B-261A-AC1B953048CD}.Debug|Any CPU.ActiveCfg = Debug|Any CPU
		{17318FC0-2C85-126B-261A-AC1B953048CD}.Debug|Any CPU.Build.0 = Debug|Any CPU
		{17318FC0-2C85-126B-261A-AC1B953048CD}.Debug|x64.ActiveCfg = Debug|Any CPU
		{17318FC0-2C85-126B-261A-AC1B953048CD}.Debug|x64.Build.0 = Debug|Any CPU
		{17318FC0-2C85-126B-261A-AC1B953048CD}.Debug|x86.ActiveCfg = Debug|Any CPU
		{17318FC0-2C85-126B-261A-AC1B953048CD}.Debug|x86.Build.0 = Debug|Any CPU
		{17318FC0-2C85-126B-261A-AC1B953048CD}.Release|Any CPU.ActiveCfg = Release|Any CPU
		{17318FC0-2C85-126B-261A-AC1B953048CD}.Release|Any CPU.Build.0 = Release|Any CPU
		{17318FC0-2C85-126B-261A-AC1B953048CD}.Release|x64.ActiveCfg = Release|Any CPU
		{17318FC0-2C85-126B-261A-AC1B953048CD}.Release|x64.Build.0 = Release|Any CPU
		{17318FC0-2C85-126B-261A-AC1B953048CD}.Release|x86.ActiveCfg = Release|Any CPU
		{17318FC0-2C85-126B-261A-AC1B953048CD}.Release|x86.Build.0 = Release|Any CPU
		{4D4E9832-6E3B-9E68-B732-80F9538A723F}.Debug|Any CPU.ActiveCfg = Debug|Any CPU
		{4D4E9832-6E3B-9E68-B732-80F9538A723F}.Debug|Any CPU.Build.0 = Debug|Any CPU
		{4D4E9832-6E3B-9E68-B732-80F9538A723F}.Debug|Any CPU.Deploy.0 = Debug|Any CPU
		{4D4E9832-6E3B-9E68-B732-80F9538A723F}.Debug|x64.ActiveCfg = Debug|Any CPU
		{4D4E9832-6E3B-9E68-B732-80F9538A723F}.Debug|x64.Build.0 = Debug|Any CPU
		{4D4E9832-6E3B-9E68-B732-80F9538A723F}.Debug|x86.ActiveCfg = Debug|Any CPU
		{4D4E9832-6E3B-9E68-B732-80F9538A723F}.Debug|x86.Build.0 = Debug|Any CPU
		{4D4E9832-6E3B-9E68-B732-80F9538A723F}.Release|Any CPU.ActiveCfg = Release|Any CPU
		{4D4E9832-6E3B-9E68-B732-80F9538A723F}.Release|Any CPU.Build.0 = Release|Any CPU
		{4D4E9832-6E3B-9E68-B732-80F9538A723F}.Release|x64.ActiveCfg = Release|Any CPU
		{4D4E9832-6E3B-9E68-B732-80F9538A723F}.Release|x64.Build.0 = Release|Any CPU
		{4D4E9832-6E3B-9E68-B732-80F9538A723F}.Release|x86.ActiveCfg = Release|Any CPU
		{4D4E9832-6E3B-9E68-B732-80F9538A723F}.Release|x86.Build.0 = Release|Any CPU
		{BF4BFBE4-1A20-388C-6192-C8C256627F92}.Debug|Any CPU.ActiveCfg = Debug|Any CPU
		{BF4BFBE4-1A20-388C-6192-C8C256627F92}.Debug|Any CPU.Build.0 = Debug|Any CPU
		{BF4BFBE4-1A20-388C-6192-C8C256627F92}.Debug|x64.ActiveCfg = Debug|Any CPU
		{BF4BFBE4-1A20-388C-6192-C8C256627F92}.Debug|x64.Build.0 = Debug|Any CPU
		{BF4BFBE4-1A20-388C-6192-C8C256627F92}.Debug|x86.ActiveCfg = Debug|Any CPU
		{BF4BFBE4-1A20-388C-6192-C8C256627F92}.Debug|x86.Build.0 = Debug|Any CPU
		{BF4BFBE4-1A20-388C-6192-C8C256627F92}.Release|Any CPU.ActiveCfg = Release|Any CPU
		{BF4BFBE4-1A20-388C-6192-C8C256627F92}.Release|Any CPU.Build.0 = Release|Any CPU
		{BF4BFBE4-1A20-388C-6192-C8C256627F92}.Release|x64.ActiveCfg = Release|Any CPU
		{BF4BFBE4-1A20-388C-6192-C8C256627F92}.Release|x64.Build.0 = Release|Any CPU
		{BF4BFBE4-1A20-388C-6192-C8C256627F92}.Release|x86.ActiveCfg = Release|Any CPU
		{BF4BFBE4-1A20-388C-6192-C8C256627F92}.Release|x86.Build.0 = Release|Any CPU
		{715EEB83-4C34-4A5C-99D0-E44AA5221AF6}.Debug|Any CPU.ActiveCfg = Debug|Any CPU
		{715EEB83-4C34-4A5C-99D0-E44AA5221AF6}.Debug|Any CPU.Build.0 = Debug|Any CPU
		{715EEB83-4C34-4A5C-99D0-E44AA5221AF6}.Debug|x64.ActiveCfg = Debug|Any CPU
		{715EEB83-4C34-4A5C-99D0-E44AA5221AF6}.Debug|x64.Build.0 = Debug|Any CPU
		{715EEB83-4C34-4A5C-99D0-E44AA5221AF6}.Debug|x86.ActiveCfg = Debug|Any CPU
		{715EEB83-4C34-4A5C-99D0-E44AA5221AF6}.Debug|x86.Build.0 = Debug|Any CPU
		{715EEB83-4C34-4A5C-99D0-E44AA5221AF6}.Release|Any CPU.ActiveCfg = Release|Any CPU
		{715EEB83-4C34-4A5C-99D0-E44AA5221AF6}.Release|Any CPU.Build.0 = Release|Any CPU
		{715EEB83-4C34-4A5C-99D0-E44AA5221AF6}.Release|x64.ActiveCfg = Release|Any CPU
		{715EEB83-4C34-4A5C-99D0-E44AA5221AF6}.Release|x64.Build.0 = Release|Any CPU
		{715EEB83-4C34-4A5C-99D0-E44AA5221AF6}.Release|x86.ActiveCfg = Release|Any CPU
		{715EEB83-4C34-4A5C-99D0-E44AA5221AF6}.Release|x86.Build.0 = Release|Any CPU
		{54823DB3-92A5-4963-B6CB-C8FE52717C88}.Debug|Any CPU.ActiveCfg = Debug|Any CPU
		{54823DB3-92A5-4963-B6CB-C8FE52717C88}.Debug|Any CPU.Build.0 = Debug|Any CPU
		{54823DB3-92A5-4963-B6CB-C8FE52717C88}.Debug|x64.ActiveCfg = Debug|Any CPU
		{54823DB3-92A5-4963-B6CB-C8FE52717C88}.Debug|x64.Build.0 = Debug|Any CPU
		{54823DB3-92A5-4963-B6CB-C8FE52717C88}.Debug|x86.ActiveCfg = Debug|Any CPU
		{54823DB3-92A5-4963-B6CB-C8FE52717C88}.Debug|x86.Build.0 = Debug|Any CPU
		{54823DB3-92A5-4963-B6CB-C8FE52717C88}.Release|Any CPU.ActiveCfg = Release|Any CPU
		{54823DB3-92A5-4963-B6CB-C8FE52717C88}.Release|Any CPU.Build.0 = Release|Any CPU
		{54823DB3-92A5-4963-B6CB-C8FE52717C88}.Release|x64.ActiveCfg = Release|Any CPU
		{54823DB3-92A5-4963-B6CB-C8FE52717C88}.Release|x64.Build.0 = Release|Any CPU
		{54823DB3-92A5-4963-B6CB-C8FE52717C88}.Release|x86.ActiveCfg = Release|Any CPU
		{54823DB3-92A5-4963-B6CB-C8FE52717C88}.Release|x86.Build.0 = Release|Any CPU
		{13A5300F-7778-4FD9-BB67-B9933391B284}.Debug|Any CPU.ActiveCfg = Debug|Any CPU
		{13A5300F-7778-4FD9-BB67-B9933391B284}.Debug|Any CPU.Build.0 = Debug|Any CPU
		{13A5300F-7778-4FD9-BB67-B9933391B284}.Debug|x64.ActiveCfg = Debug|Any CPU
		{13A5300F-7778-4FD9-BB67-B9933391B284}.Debug|x64.Build.0 = Debug|Any CPU
		{13A5300F-7778-4FD9-BB67-B9933391B284}.Debug|x86.ActiveCfg = Debug|Any CPU
		{13A5300F-7778-4FD9-BB67-B9933391B284}.Debug|x86.Build.0 = Debug|Any CPU
		{13A5300F-7778-4FD9-BB67-B9933391B284}.Release|Any CPU.ActiveCfg = Release|Any CPU
		{13A5300F-7778-4FD9-BB67-B9933391B284}.Release|Any CPU.Build.0 = Release|Any CPU
		{13A5300F-7778-4FD9-BB67-B9933391B284}.Release|x64.ActiveCfg = Release|Any CPU
		{13A5300F-7778-4FD9-BB67-B9933391B284}.Release|x64.Build.0 = Release|Any CPU
		{13A5300F-7778-4FD9-BB67-B9933391B284}.Release|x86.ActiveCfg = Release|Any CPU
		{13A5300F-7778-4FD9-BB67-B9933391B284}.Release|x86.Build.0 = Release|Any CPU
	EndGlobalSection
	GlobalSection(SolutionProperties) = preSolution
		HideSolutionNode = FALSE
	EndGlobalSection
	GlobalSection(NestedProjects) = preSolution
		{54823DB3-92A5-4963-B6CB-C8FE52717C88} = {0AB3BF05-4346-4AA6-1389-037BE0695223}
		{13A5300F-7778-4FD9-BB67-B9933391B284} = {0AB3BF05-4346-4AA6-1389-037BE0695223}
	EndGlobalSection
	GlobalSection(ExtensibilityGlobals) = postSolution
		SolutionGuid = {57E5401B-5724-470E-A8C0-CD51E0D8F38D}
	EndGlobalSection
EndGlobal
